# This file is generated by running "yarn install" inside your project.
# Manual changes might be lost - proceed with caution!

__metadata:
  version: 6
  cacheKey: 8

"@civ-clone/base-city-yield-research@npm:^0.1.0":
  version: 0.1.0
  resolution: "@civ-clone/base-city-yield-research@npm:0.1.0"
  dependencies:
    "@civ-clone/core-yield": ^0.1.0
  checksum: 51ded963afb52d3a7bb3e374a0023f481cc1d975bd5e0caa26e89c90e6ed46f74b8e41c2e12b12251bba7d707f0d84bd949751434b04b201b16e98cf66dcb781
  languageName: node
  linkType: hard

"@civ-clone/base-government-anarchy@npm:^0.1.0":
  version: 0.1.0
  resolution: "@civ-clone/base-government-anarchy@npm:0.1.0"
  dependencies:
    "@civ-clone/core-government": ^0.1.0
  checksum: ad5ed2e4a9c2091c8f89f791c4bc95857b7e0da24f01932742b0b7d813696f72dc88d6ac23a06a554b5eabbbd911501b6d6216be4be4b5eab3a0fde9de9acffd
  languageName: node
  linkType: hard

"@civ-clone/base-government-communism@npm:^0.1.0":
  version: 0.1.0
  resolution: "@civ-clone/base-government-communism@npm:0.1.0"
  dependencies:
    "@civ-clone/core-government": ^0.1.0
  checksum: 160848dae846cdca7e7739cc924142c245b125676db8a2c7105376b8db2086382e3853229f282d5b4e089cbc5df79a88f01d12b46d1bd5e2ae75b0c33e03dfca
  languageName: node
  linkType: hard

"@civ-clone/base-government-democracy@npm:^0.1.0":
  version: 0.1.0
  resolution: "@civ-clone/base-government-democracy@npm:0.1.0"
  dependencies:
    "@civ-clone/core-government": ^0.1.0
  checksum: 8e7d1c011af3afde1923bdb878cbd6829c2636c185178f19082bb483e6b229662cb7927693f1c6ddfc3850fa6688c7ab7dfeb15abe4352a724028c645cbed359
  languageName: node
  linkType: hard

"@civ-clone/base-government-despotism@npm:^0.1.0":
  version: 0.1.0
  resolution: "@civ-clone/base-government-despotism@npm:0.1.0"
  dependencies:
    "@civ-clone/core-government": ^0.1.0
  checksum: 698ae617e832eb3b4fde8651bc913214512e3248eb0b54995f97c8f385cdf52688d261d2ad254309ce4f23e1d410ffe63660efb545ec5e10515b0c82f7024c13
  languageName: node
  linkType: hard

"@civ-clone/base-government-monarchy@npm:^0.1.0":
  version: 0.1.0
  resolution: "@civ-clone/base-government-monarchy@npm:0.1.0"
  dependencies:
    "@civ-clone/core-government": ^0.1.0
  checksum: 687405c64275be46e7fd6f755a1391fe1768160c8a678cc297011e198876b08d162c54dcfaabd64c7ee15b630d5146eb9b6bae7cb1f6e25dc0b449a9687d2bcd
  languageName: node
  linkType: hard

"@civ-clone/base-government-republic@npm:^0.1.0":
  version: 0.1.0
  resolution: "@civ-clone/base-government-republic@npm:0.1.0"
  dependencies:
    "@civ-clone/core-government": ^0.1.0
  checksum: a452f121f7911fe7cdb881314ac65dd9f45fab659b33a95e5c3ac16661b763248fa7b886f82cac10b5269f0e7578fdd55df4f30395cbaf43a98343fd1ea37417
  languageName: node
  linkType: hard

"@civ-clone/base-player-action-revolution@npm:^0.1.1":
  version: 0.1.1
  resolution: "@civ-clone/base-player-action-revolution@npm:0.1.1"
  dependencies:
    "@civ-clone/core-government": ^0.1.3
    "@civ-clone/core-player": ^0.1.2
  checksum: 46779fe3f058eb7ea0fc541a964cf03c044444b6bd4c10d78b16353151a16b495f2855e685f1135e18948162ca5d2c76fbe4afd4d4a8ce20ffd1a4a05f5e3882
  languageName: node
  linkType: hard

"@civ-clone/base-science-advance-advancedflight@npm:^0.1.0":
  version: 0.1.0
  resolution: "@civ-clone/base-science-advance-advancedflight@npm:0.1.0"
  dependencies:
    "@civ-clone/core-science": ^0.1.0
  checksum: 1696ed9b63011352c45e90549adcc5bc736d4bfa018e8dc4e2d402fce2cdeebaccfc1d94ba6e860a9c30505d65d90e2f2e0441dbbbc70296658c846ae0902cd1
  languageName: node
  linkType: hard

"@civ-clone/base-science-advance-alphabet@npm:^0.1.0":
  version: 0.1.0
  resolution: "@civ-clone/base-science-advance-alphabet@npm:0.1.0"
  dependencies:
    "@civ-clone/core-science": ^0.1.0
  checksum: 4fa7be3bc18c33ef083cd0437ecc5a2acee9399766082527bcfa9f3eb1e473c8d3be05ed4da074f11d65f286049aa53f856bf997a0270cdeab8fb686c5c8a403
  languageName: node
  linkType: hard

"@civ-clone/base-science-advance-astronomy@npm:^0.1.0":
  version: 0.1.0
  resolution: "@civ-clone/base-science-advance-astronomy@npm:0.1.0"
  dependencies:
    "@civ-clone/core-science": ^0.1.0
  checksum: 46b46e6721eec405a2081d477908a79924e6a56762073f05df98541a9ee483bf3eca68e9e849230fd0038dfe12b8ec89a2b3768dfab8e5cec5b63df244996303
  languageName: node
  linkType: hard

"@civ-clone/base-science-advance-atomictheory@npm:^0.1.0":
  version: 0.1.0
  resolution: "@civ-clone/base-science-advance-atomictheory@npm:0.1.0"
  dependencies:
    "@civ-clone/core-science": ^0.1.0
  checksum: a97799ecd698e6773e46297eb389ee553d5b25287b08eab585eb6ad43f3fb581f7cad55e6d15d854b7b10dc5314b7af3e8c96a079c0a7c91cd90c2087de52c1a
  languageName: node
  linkType: hard

"@civ-clone/base-science-advance-automobile@npm:^0.1.0":
  version: 0.1.0
  resolution: "@civ-clone/base-science-advance-automobile@npm:0.1.0"
  dependencies:
    "@civ-clone/core-science": ^0.1.0
  checksum: b24ae4b795924e54fca05d343abe5e7b9ff6a268d46af3b49a2556ce30a9ed303d772b1ed8d1c896030716f312c2b5a47f55da82c27010bf43debb12a5ab4935
  languageName: node
  linkType: hard

"@civ-clone/base-science-advance-banking@npm:^0.1.0":
  version: 0.1.0
  resolution: "@civ-clone/base-science-advance-banking@npm:0.1.0"
  dependencies:
    "@civ-clone/core-science": ^0.1.0
  checksum: 1ea55e096e45738aa46378621efb92a5abfb9ddfdaa8e2a5a5e3cb3bc3b5fefe89430a701d2c98c0dac12a4639eb0a07f29955c75fb36ce3cfd7cb523a02a0a9
  languageName: node
  linkType: hard

"@civ-clone/base-science-advance-bridgebuilding@npm:^0.1.0":
  version: 0.1.0
  resolution: "@civ-clone/base-science-advance-bridgebuilding@npm:0.1.0"
  dependencies:
    "@civ-clone/core-science": ^0.1.0
  checksum: fec9251ac7aa2ca03e9985a9f470dc5b804de41c836e4b50b3d6268068c7b9875a1737ec53d3f52a9cd8b74eaa30bd52dbdbf8c583fce3679014c6ecf06767e1
  languageName: node
  linkType: hard

"@civ-clone/base-science-advance-bronzeworking@npm:^0.1.0":
  version: 0.1.0
  resolution: "@civ-clone/base-science-advance-bronzeworking@npm:0.1.0"
  dependencies:
    "@civ-clone/core-science": ^0.1.0
  checksum: 4e71a2c8a13c10ed3bcf855e8c4cd5650261c97a6f27c4b9bd74b3241dfc126abf8243d7ded5ea5deb53e925c4ddaaf4cb28a8b31aac92300e192ccb4c10dd4e
  languageName: node
  linkType: hard

"@civ-clone/base-science-advance-ceremonialburial@npm:^0.1.0":
  version: 0.1.0
  resolution: "@civ-clone/base-science-advance-ceremonialburial@npm:0.1.0"
  dependencies:
    "@civ-clone/core-science": ^0.1.0
  checksum: 1774611c22343f1a4f631d45b9fd542ce21deb5e181c5610f5867b21acf2af1422ff892ff0cbe1f23b38ae4baf5073e57379f4c3ad1a59774542ffee617060b8
  languageName: node
  linkType: hard

"@civ-clone/base-science-advance-chemistry@npm:^0.1.0":
  version: 0.1.0
  resolution: "@civ-clone/base-science-advance-chemistry@npm:0.1.0"
  dependencies:
    "@civ-clone/core-science": ^0.1.0
  checksum: 76600920c52ca256f92b63baf98d3c8ec1b88ed8cd20be26e4a592d036f5cbc873ffc4d491fcc2c3b2c1173b02e26fb2621eb5d816ee2ea98971d01591755a1f
  languageName: node
  linkType: hard

"@civ-clone/base-science-advance-chivalry@npm:^0.1.0":
  version: 0.1.0
  resolution: "@civ-clone/base-science-advance-chivalry@npm:0.1.0"
  dependencies:
    "@civ-clone/core-science": ^0.1.0
  checksum: bc71cae382440594a419696a06ad768af693ed50705d3d8fd73525c92d669d2c283d5829a031fe298d7eec091889cf61357258b54a4f9b5756e295c04438bef6
  languageName: node
  linkType: hard

"@civ-clone/base-science-advance-codeoflaws@npm:^0.1.0":
  version: 0.1.0
  resolution: "@civ-clone/base-science-advance-codeoflaws@npm:0.1.0"
  dependencies:
    "@civ-clone/core-science": ^0.1.0
  checksum: 5b01911f465588125b62628fb491959540b1be0d39b21b6c6c4c5b5132511413f6c8b69d7c3d4dd1b6f0da2beac485fb89693d8adf49398814194002ccf285ae
  languageName: node
  linkType: hard

"@civ-clone/base-science-advance-combustion@npm:^0.1.0":
  version: 0.1.0
  resolution: "@civ-clone/base-science-advance-combustion@npm:0.1.0"
  dependencies:
    "@civ-clone/core-science": ^0.1.0
  checksum: f9b8e507b2676ebf3903f15231c19aa721e257c3c660753a3ff7dbedad1c2836f1cf127bbc1d8b2c73a6d68f76194ed32e4c196e1c9c7d368b38b65e43830a02
  languageName: node
  linkType: hard

"@civ-clone/base-science-advance-communism@npm:^0.1.0":
  version: 0.1.0
  resolution: "@civ-clone/base-science-advance-communism@npm:0.1.0"
  dependencies:
    "@civ-clone/core-science": ^0.1.0
  checksum: b07e238ee687d434a1ca1e71d51eeefda67ae258d7031a900edaf74ff9346fca638125c0d6dacec9c561d4508029251ad31a47a93991cecba095717521e727ea
  languageName: node
  linkType: hard

"@civ-clone/base-science-advance-computers@npm:^0.1.0":
  version: 0.1.0
  resolution: "@civ-clone/base-science-advance-computers@npm:0.1.0"
  dependencies:
    "@civ-clone/core-science": ^0.1.0
  checksum: f0c1f8c24fcda07f335312efb6c2eb8fe4a37746085a8722cb6024bcc6494e18d46404d7573e3ca296d3edd491388e0376e84f87883a912a866170e08e1691a5
  languageName: node
  linkType: hard

"@civ-clone/base-science-advance-conscription@npm:^0.1.0":
  version: 0.1.0
  resolution: "@civ-clone/base-science-advance-conscription@npm:0.1.0"
  dependencies:
    "@civ-clone/core-science": ^0.1.0
  checksum: 0f0b9611d611d0fbd34cb37e3e6d556f90154e9a6c08c2a086a0da5bc5cfd7bccfb7fd3a011c09a88c54f1c971ba5ba4f8fe8361fc14f76633bbdd3b139f2a4e
  languageName: node
  linkType: hard

"@civ-clone/base-science-advance-construction@npm:^0.1.0":
  version: 0.1.0
  resolution: "@civ-clone/base-science-advance-construction@npm:0.1.0"
  dependencies:
    "@civ-clone/core-science": ^0.1.0
  checksum: f958b0ac8eca2cb63bbf9086c649bd8fe4b63db3ae07ff86d217b0d843753ea7ac411a28a5419f09073636e56cd5e1fed4c47b65bdd58f8fbcc9c725fa2e268a
  languageName: node
  linkType: hard

"@civ-clone/base-science-advance-corporation@npm:^0.1.0":
  version: 0.1.0
  resolution: "@civ-clone/base-science-advance-corporation@npm:0.1.0"
  dependencies:
    "@civ-clone/core-science": ^0.1.0
  checksum: 0d5102979a06274d9371abd433b47d1aaf2e454834bdb8f348a31d1710ae35246caa278ca6c7266f81111245eca35532cc28fd944306a3c2dd6a24c4017940b2
  languageName: node
  linkType: hard

"@civ-clone/base-science-advance-currency@npm:^0.1.0":
  version: 0.1.0
  resolution: "@civ-clone/base-science-advance-currency@npm:0.1.0"
  dependencies:
    "@civ-clone/core-science": ^0.1.0
  checksum: 52ab846210ea9ea72b66d418eac562ab3f7614991a23529f418ccfa6afafa1b5201b9b62ead73d6a5fba10f224553bf2fd385b6fe80916778fedefb62178f888
  languageName: node
  linkType: hard

"@civ-clone/base-science-advance-democracy@npm:^0.1.0":
  version: 0.1.0
  resolution: "@civ-clone/base-science-advance-democracy@npm:0.1.0"
  dependencies:
    "@civ-clone/core-science": ^0.1.0
  checksum: 7fc0a8ca80719ddf0a912d0ced5d5599368458b06164802f4e3e52242c8850a6aa64f02d55b2267c218c762a64fccb2345406cbe4f59c15d13f9b61dea838dd7
  languageName: node
  linkType: hard

"@civ-clone/base-science-advance-electricity@npm:^0.1.0":
  version: 0.1.0
  resolution: "@civ-clone/base-science-advance-electricity@npm:0.1.0"
  dependencies:
    "@civ-clone/core-science": ^0.1.0
  checksum: 55bdc752cce3f2ed14393a6df53c550498b14cdf208c88d7d3e997b64efb887f0d90688376d927293f1783e70dd77ff6c32b151387522c90b6865b8f8571b135
  languageName: node
  linkType: hard

"@civ-clone/base-science-advance-electronics@npm:^0.1.0":
  version: 0.1.0
  resolution: "@civ-clone/base-science-advance-electronics@npm:0.1.0"
  dependencies:
    "@civ-clone/core-science": ^0.1.0
  checksum: c4f68a4e984dfb3b960396c14e66254a5cb3d76f7760d6f03d2a7db7cbd76bf03e3ccce4eb53d667113c9aef6733b7f1045320ca00b2e2074b11b4bc8016a11f
  languageName: node
  linkType: hard

"@civ-clone/base-science-advance-engineering@npm:^0.1.0":
  version: 0.1.0
  resolution: "@civ-clone/base-science-advance-engineering@npm:0.1.0"
  dependencies:
    "@civ-clone/core-science": ^0.1.0
  checksum: f0db11ee477258cceae032631ef94ce96d4a35710d709a10dd2650b0eab1e3e25f6cb38a57a59b4fc416ea37924422cd16ea8757d5b87ad4d711bcaac87b0c41
  languageName: node
  linkType: hard

"@civ-clone/base-science-advance-explosives@npm:^0.1.0":
  version: 0.1.0
  resolution: "@civ-clone/base-science-advance-explosives@npm:0.1.0"
  dependencies:
    "@civ-clone/core-science": ^0.1.0
  checksum: e0c53106de5dd92721d99c0e3ef1d8d3c66d73b9dbf1fc818202d4dd00c6e565640b865cf209ac827742ba037414483673534edcb191bf0cc5343909836ba433
  languageName: node
  linkType: hard

"@civ-clone/base-science-advance-feudalism@npm:^0.1.0":
  version: 0.1.0
  resolution: "@civ-clone/base-science-advance-feudalism@npm:0.1.0"
  dependencies:
    "@civ-clone/core-science": ^0.1.0
  checksum: 72cef346d3dffba815a6fa23455a9239e3454c3ad4dc8d9fd2756c81165e5c917c348e2440c75921d9efe3ab9b8a187cefda626e21a4a87059d38d06210fe60f
  languageName: node
  linkType: hard

"@civ-clone/base-science-advance-flight@npm:^0.1.0":
  version: 0.1.0
  resolution: "@civ-clone/base-science-advance-flight@npm:0.1.0"
  dependencies:
    "@civ-clone/core-science": ^0.1.0
  checksum: 14971406112ee684062a25cd1078970b897ec0d7d61f75e0c351631c9404e040830617d546f37e4c3940d74e2c4dc8bc1356aa795d8f3c326cd5873fe3901cbd
  languageName: node
  linkType: hard

"@civ-clone/base-science-advance-fusionpower@npm:^0.1.0":
  version: 0.1.0
  resolution: "@civ-clone/base-science-advance-fusionpower@npm:0.1.0"
  dependencies:
    "@civ-clone/core-science": ^0.1.0
  checksum: 52be1d30c388b6bc9007fcd29f0ac54e4acaad15bb9aff714614440c8b12f109087fa37035fc271e338b5d732df326385fc3babf15d288f2214d53aaeb8cef90
  languageName: node
  linkType: hard

"@civ-clone/base-science-advance-geneticengineering@npm:^0.1.0":
  version: 0.1.0
  resolution: "@civ-clone/base-science-advance-geneticengineering@npm:0.1.0"
  dependencies:
    "@civ-clone/core-science": ^0.1.0
  checksum: 22c9db35399d2f48e15f848735fbbf6cb49198512c5aaf900510f2892f0988d5f8a402bc2a7dfdc862c72988a61f72e11ee233af2963efcff4fbba2fd85b761a
  languageName: node
  linkType: hard

"@civ-clone/base-science-advance-gunpowder@npm:^0.1.0":
  version: 0.1.0
  resolution: "@civ-clone/base-science-advance-gunpowder@npm:0.1.0"
  dependencies:
    "@civ-clone/core-science": ^0.1.0
  checksum: 68884863fd66c6b12b8a3ef7270563fbbd6c4c3230a468a7a6fe32ae8f8767ce1a770cbd983ec3ef6ea60436927c6cf7fcf6c061352ddd63da131402fa28915c
  languageName: node
  linkType: hard

"@civ-clone/base-science-advance-horsebackriding@npm:^0.1.0":
  version: 0.1.0
  resolution: "@civ-clone/base-science-advance-horsebackriding@npm:0.1.0"
  dependencies:
    "@civ-clone/core-science": ^0.1.0
  checksum: 70586f59f7fca4d2b3a592f785a50dad8fa9acbabfb69a9a932495412840a8fbe5b2383506d4da8e4eeaa8d47f71fdbd21672ad13a19f63deab677b1e2dfa9cb
  languageName: node
  linkType: hard

"@civ-clone/base-science-advance-industrialization@npm:^0.1.0":
  version: 0.1.0
  resolution: "@civ-clone/base-science-advance-industrialization@npm:0.1.0"
  dependencies:
    "@civ-clone/core-science": ^0.1.0
  checksum: 6d9138b46b50f60b0ad07a5441f9549470b6b9281f4acd4f36a7debdcbc4c50fa357e6aa197f561a38f325aae4ec83704c0735e9f386a9e792eaddb64f1d0bbe
  languageName: node
  linkType: hard

"@civ-clone/base-science-advance-invention@npm:^0.1.0":
  version: 0.1.0
  resolution: "@civ-clone/base-science-advance-invention@npm:0.1.0"
  dependencies:
    "@civ-clone/core-science": ^0.1.0
  checksum: 9b49dfeffa8931c836a3fe196ae4692a09bf07a8df8880cdbfb5f7b8f216df347b55c462e10138f549448247c72e4a2d2ca8e49352cb268a785a95337f492212
  languageName: node
  linkType: hard

"@civ-clone/base-science-advance-ironworking@npm:^0.1.0":
  version: 0.1.0
  resolution: "@civ-clone/base-science-advance-ironworking@npm:0.1.0"
  dependencies:
    "@civ-clone/core-science": ^0.1.0
  checksum: 035223acf7bb772f1579139f6f113a35dc4930f6f38b794bfd61aec3b50b07bc45271aeb33301d4d9974290007706ed0cfd3c2d75ee641ab2d9f33206fffb748
  languageName: node
  linkType: hard

"@civ-clone/base-science-advance-laborunion@npm:^0.1.0":
  version: 0.1.0
  resolution: "@civ-clone/base-science-advance-laborunion@npm:0.1.0"
  dependencies:
    "@civ-clone/core-science": ^0.1.0
  checksum: ee502506e8a856812ef16ab48ba1e29f74dd77ca85b17b22c59a9d44397807118d7b014cec0a8ed012db7053ce888190dc626abf51748b8841768e4b079b1100
  languageName: node
  linkType: hard

"@civ-clone/base-science-advance-literacy@npm:^0.1.0":
  version: 0.1.0
  resolution: "@civ-clone/base-science-advance-literacy@npm:0.1.0"
  dependencies:
    "@civ-clone/core-science": ^0.1.0
  checksum: 83bc02af141b7d3bae5de9e9ed0a1bf3848c6b16d12665140bc5e343333af875e73add148e998194f041105f41c1f28429277db18abaa129dab97915bd3e30ed
  languageName: node
  linkType: hard

"@civ-clone/base-science-advance-magnetism@npm:^0.1.0":
  version: 0.1.0
  resolution: "@civ-clone/base-science-advance-magnetism@npm:0.1.0"
  dependencies:
    "@civ-clone/core-science": ^0.1.0
  checksum: 2aef362273e3add66d39476307af2fb22f6f4248cf12e6374eff51a97e94581ad730339a4f1e0794dc415343c16bc39dcbb1d7f266b2e99d39674142f26fba07
  languageName: node
  linkType: hard

"@civ-clone/base-science-advance-mapmaking@npm:^0.1.0":
  version: 0.1.0
  resolution: "@civ-clone/base-science-advance-mapmaking@npm:0.1.0"
  dependencies:
    "@civ-clone/core-science": ^0.1.0
  checksum: 3c1d2e96c623d02dde01bf90e779d795f2c258aea3b97efeab097a2bea2a000b123adf4d5562dc2c16d35d3d18187989dc46a111cedac14347cab230de50f47d
  languageName: node
  linkType: hard

"@civ-clone/base-science-advance-masonry@npm:^0.1.0":
  version: 0.1.0
  resolution: "@civ-clone/base-science-advance-masonry@npm:0.1.0"
  dependencies:
    "@civ-clone/core-science": ^0.1.0
  checksum: 3c2bd56e50ba663d2116c04a1d22d12327af709f96cde2cda33d85e0481051e2c1a1ad18b651484a1bea17cb237f54e206ebffaa888eb99051b448121c2e9019
  languageName: node
  linkType: hard

"@civ-clone/base-science-advance-massproduction@npm:^0.1.0":
  version: 0.1.0
  resolution: "@civ-clone/base-science-advance-massproduction@npm:0.1.0"
  dependencies:
    "@civ-clone/core-science": ^0.1.0
  checksum: d1409b7918db7c4de38b0acbf6d86c92f159934460f74ee04443aa7ecdfce2b33c7749e79458a613c769c1dc3f7e7daba0fed47c62fc5e1cf370446344c84853
  languageName: node
  linkType: hard

"@civ-clone/base-science-advance-mathematics@npm:^0.1.0":
  version: 0.1.0
  resolution: "@civ-clone/base-science-advance-mathematics@npm:0.1.0"
  dependencies:
    "@civ-clone/core-science": ^0.1.0
  checksum: cc0da382240b9283befac757a1c70ef8a2da5b66937468b9248c2aac22f22e958b49bf45094f4ef6130fbc2575de7c0b63b06a5c45ca713db4449e91d2400246
  languageName: node
  linkType: hard

"@civ-clone/base-science-advance-medicine@npm:^0.1.0":
  version: 0.1.0
  resolution: "@civ-clone/base-science-advance-medicine@npm:0.1.0"
  dependencies:
    "@civ-clone/core-science": ^0.1.0
  checksum: 917fe431481cef15fee8750bb3c8591cf3845f37969c9d44576608a5427027ff2327e80ac3758cf20c9811a0bb653c17cd4879d2db4a78bfb0019316030bc34a
  languageName: node
  linkType: hard

"@civ-clone/base-science-advance-metallurgy@npm:^0.1.0":
  version: 0.1.0
  resolution: "@civ-clone/base-science-advance-metallurgy@npm:0.1.0"
  dependencies:
    "@civ-clone/core-science": ^0.1.0
  checksum: b37ba311f06aaa99e8e7f6799cd6c5d82e2fb5e225341f6cec9e0706f619031410cd9489287271c550f810e0e3d12a3c5ea6d89500f1810f90b2f0d5aa31beb1
  languageName: node
  linkType: hard

"@civ-clone/base-science-advance-monarchy@npm:^0.1.0":
  version: 0.1.0
  resolution: "@civ-clone/base-science-advance-monarchy@npm:0.1.0"
  dependencies:
    "@civ-clone/core-science": ^0.1.0
  checksum: 53f9435c48170b7e667092555aea688d4544a051c4d3f2f4991bbbdd426b57443d096e4f3f64df14f7d587f06ebc88427615f9ab56d36d807f5aa9c077237552
  languageName: node
  linkType: hard

"@civ-clone/base-science-advance-mysticism@npm:^0.1.0":
  version: 0.1.0
  resolution: "@civ-clone/base-science-advance-mysticism@npm:0.1.0"
  dependencies:
    "@civ-clone/core-science": ^0.1.0
  checksum: 97c2fdee9b8cebf9be88e1b407265228c75c0312de747614101768074c0b8377be011cecc6c462d6952ce2bcd872f532a9d5ef59a3cec05eaa603f34a17861e0
  languageName: node
  linkType: hard

"@civ-clone/base-science-advance-navigation@npm:^0.1.0":
  version: 0.1.0
  resolution: "@civ-clone/base-science-advance-navigation@npm:0.1.0"
  dependencies:
    "@civ-clone/core-science": ^0.1.0
  checksum: c6172759b29b7bbca278a05f9f6dbe84d185126ddf39a76e309455af67dea14943a1dfe98a458a88b9b563c7f6249f01497a0ba238896f4a17b6b3fb85b47154
  languageName: node
  linkType: hard

"@civ-clone/base-science-advance-nuclearfission@npm:^0.1.0":
  version: 0.1.0
  resolution: "@civ-clone/base-science-advance-nuclearfission@npm:0.1.0"
  dependencies:
    "@civ-clone/core-science": ^0.1.0
  checksum: bb9926dd4f69be2e4e2fc3bc9b154a2dfe9c1154159d11519e4902d0d16d5a5547b9fef911dce49e6de413a7674ff6cfa2e398e40099c9424fed25f8bbbbd7fd
  languageName: node
  linkType: hard

"@civ-clone/base-science-advance-nuclearpower@npm:^0.1.0":
  version: 0.1.0
  resolution: "@civ-clone/base-science-advance-nuclearpower@npm:0.1.0"
  dependencies:
    "@civ-clone/core-science": ^0.1.0
  checksum: 190897fd1fe66e30cdfe2c8d7458930763dae79552c0f00263164d4c5a3be4c2813fc3d10cff5f4e42a13020e9c09dd076b5a184b4c069a1d8bf2b2239982d4d
  languageName: node
  linkType: hard

"@civ-clone/base-science-advance-philosophy@npm:^0.1.0":
  version: 0.1.0
  resolution: "@civ-clone/base-science-advance-philosophy@npm:0.1.0"
  dependencies:
    "@civ-clone/core-science": ^0.1.0
  checksum: af27279e1ba36d67ec474ab981170ab791f378a8de5ee08ca2d0ab461420320f7d2faf6fcc61b64b1e9269722205d1c95845fe3eb853956731cfa6b8ffa8e3c8
  languageName: node
  linkType: hard

"@civ-clone/base-science-advance-physics@npm:^0.1.0":
  version: 0.1.0
  resolution: "@civ-clone/base-science-advance-physics@npm:0.1.0"
  dependencies:
    "@civ-clone/core-science": ^0.1.0
  checksum: b1293c554d6f84a424f832ab1d7dc67853ebcdc747f303509e37878f45547f0de506c5c5ad266c2db8baee4a63b3331b68be4098816d7ec460e6ccb96971b867
  languageName: node
  linkType: hard

"@civ-clone/base-science-advance-plastics@npm:^0.1.0":
  version: 0.1.0
  resolution: "@civ-clone/base-science-advance-plastics@npm:0.1.0"
  dependencies:
    "@civ-clone/core-science": ^0.1.0
  checksum: 931ad27c7460e3fa7f14cc8eff4de2eb0e10023077492383a80159afa44f417bc321f099a560b569948ab4c4083b0b009408706408f38043a772af91a5b93b07
  languageName: node
  linkType: hard

"@civ-clone/base-science-advance-pottery@npm:^0.1.0":
  version: 0.1.0
  resolution: "@civ-clone/base-science-advance-pottery@npm:0.1.0"
  dependencies:
    "@civ-clone/core-science": ^0.1.0
  checksum: 279b5050323d10732390f185dd254bf0944b799d57c8b73b2d51fdb2746530906dfaab6b3272941869808756e132d57671df3fb64ff40bab7f8488d4e26ad637
  languageName: node
  linkType: hard

"@civ-clone/base-science-advance-railroad@npm:^0.1.0":
  version: 0.1.0
  resolution: "@civ-clone/base-science-advance-railroad@npm:0.1.0"
  dependencies:
    "@civ-clone/core-science": ^0.1.0
  checksum: c3e82617ac3fef5e213929a9cf6b063a22d0f2c0af87abc13e3f1e0c79f3e1a97ab543acd53af0a11491816735f716f56160b628d179af6bf409f17c37eec0f0
  languageName: node
  linkType: hard

"@civ-clone/base-science-advance-recycling@npm:^0.1.0":
  version: 0.1.0
  resolution: "@civ-clone/base-science-advance-recycling@npm:0.1.0"
  dependencies:
    "@civ-clone/core-science": ^0.1.0
  checksum: 3c73a20693468f012c7f3ce48607cf3269b9735791b1b6d1902cc0b318c9056028eca8eaaa73abb86b5526300c5530ba87d6bf3fe196a4eff47bb32e9144a0f0
  languageName: node
  linkType: hard

"@civ-clone/base-science-advance-refining@npm:^0.1.0":
  version: 0.1.0
  resolution: "@civ-clone/base-science-advance-refining@npm:0.1.0"
  dependencies:
    "@civ-clone/core-science": ^0.1.0
  checksum: 0d50453db63355d950357ab0209a6d1526b4c209a7d55d9970b0469b49b767a78d480c1800540cca1ba8ca738fd0e3e91739334a80a7554b29ad78b64fed0088
  languageName: node
  linkType: hard

"@civ-clone/base-science-advance-religion@npm:^0.1.0":
  version: 0.1.0
  resolution: "@civ-clone/base-science-advance-religion@npm:0.1.0"
  dependencies:
    "@civ-clone/core-science": ^0.1.0
  checksum: 38dd0d1814f0d5fb9e833522f77275d92a93939c1ff7b8e8fa434d040c9f31b4d757e8b3183415e8ef14eca6f957ff520be565e78e008f68144b8ad4306fb041
  languageName: node
  linkType: hard

"@civ-clone/base-science-advance-robotics@npm:^0.1.0":
  version: 0.1.0
  resolution: "@civ-clone/base-science-advance-robotics@npm:0.1.0"
  dependencies:
    "@civ-clone/core-science": ^0.1.0
  checksum: 520761fe91b2bbf797432741eca9a05e3f554081032c940fd258237f08307a6c087c983f21b594488fba20b3dae932906d51f67c0b46a62c8b9285a2e064affa
  languageName: node
  linkType: hard

"@civ-clone/base-science-advance-rocketry@npm:^0.1.0":
  version: 0.1.0
  resolution: "@civ-clone/base-science-advance-rocketry@npm:0.1.0"
  dependencies:
    "@civ-clone/core-science": ^0.1.0
  checksum: 9bd15aa4bc3e7340dac639863eb586158d7f89ab135778e2c0c68bbc2e1fb53185448d218616515fdf590d7d6985b0277dac4519c2f6c422765288de29b7a92d
  languageName: node
  linkType: hard

"@civ-clone/base-science-advance-spaceflight@npm:^0.1.0":
  version: 0.1.0
  resolution: "@civ-clone/base-science-advance-spaceflight@npm:0.1.0"
  dependencies:
    "@civ-clone/core-science": ^0.1.0
  checksum: 00dd3908fa94e3b5e88dd9895d41071752c759832e9daa7514b53d6a403e51e55ff99e95f506909d7c2825864b517599633290f26277590e31323f185967cfae
  languageName: node
  linkType: hard

"@civ-clone/base-science-advance-steamengine@npm:^0.1.0":
  version: 0.1.0
  resolution: "@civ-clone/base-science-advance-steamengine@npm:0.1.0"
  dependencies:
    "@civ-clone/core-science": ^0.1.0
  checksum: 493c1d3936959bb160635a2e514aa6700e21d4ca03219a333c273c759aaa2b61b7e9aa4d9324854097ebbc2748fde2375d2370c9c03cd14037353629b1602a6c
  languageName: node
  linkType: hard

"@civ-clone/base-science-advance-steel@npm:^0.1.0":
  version: 0.1.0
  resolution: "@civ-clone/base-science-advance-steel@npm:0.1.0"
  dependencies:
    "@civ-clone/core-science": ^0.1.0
  checksum: 65bb0b62d60a0f0f4271d10ee6aa9df979b454e946f0cb8951c8916dc833afe9ef8c4a37ccd747fbeef4d4178a84cc9e15a11556f9e578ef023d806d254f2268
  languageName: node
  linkType: hard

"@civ-clone/base-science-advance-superconductor@npm:^0.1.0":
  version: 0.1.0
  resolution: "@civ-clone/base-science-advance-superconductor@npm:0.1.0"
  dependencies:
    "@civ-clone/core-science": ^0.1.0
  checksum: 11512bba56b1bf53fb2f3da8c4411c211b6862df08ce6a39f5441b417c0a77edd8cbf5cff4ada27d8567060f3926e0774a1d0b8a5c9bcb780a2f03c285dbc861
  languageName: node
  linkType: hard

"@civ-clone/base-science-advance-theoryofgravity@npm:^0.1.0":
  version: 0.1.0
  resolution: "@civ-clone/base-science-advance-theoryofgravity@npm:0.1.0"
  dependencies:
    "@civ-clone/core-science": ^0.1.0
  checksum: a40ab91fc267c0776b886880986fd2f7c3962c9fedd8645303c4c5d37dc6505089af339064b03508c3e50e1edb42d3c85c5ee541407b228a520c908a9f16a513
  languageName: node
  linkType: hard

"@civ-clone/base-science-advance-therepublic@npm:^0.1.0":
  version: 0.1.0
  resolution: "@civ-clone/base-science-advance-therepublic@npm:0.1.0"
  dependencies:
    "@civ-clone/core-science": ^0.1.0
  checksum: 6ee36920615518f9352806dde8b8eff1dee7ba1336e23d6b62a2f72189ead296153636f01b1d9b6768d14ac9a3bda163b3e3dc4dcb4a4fa0467c4db3e6c93c5a
  languageName: node
  linkType: hard

"@civ-clone/base-science-advance-thewheel@npm:^0.1.0":
  version: 0.1.0
  resolution: "@civ-clone/base-science-advance-thewheel@npm:0.1.0"
  dependencies:
    "@civ-clone/core-science": ^0.1.0
  checksum: 149feffd7852198bef231c05171100db04db32f0afbddfeae2ec143cc0ee80770617ecbdf95d95982fcc2a8a67799691546adcbd51ca6d98ce3982f8f1d57e7a
  languageName: node
  linkType: hard

"@civ-clone/base-science-advance-trade@npm:^0.1.0":
  version: 0.1.0
  resolution: "@civ-clone/base-science-advance-trade@npm:0.1.0"
  dependencies:
    "@civ-clone/core-science": ^0.1.0
  checksum: 1582313e22d1ad7042f4e463069d070cf650e3c577da5468300dc5e607d046a91bc99728d22e0c2a8291af9597ef319d1531fd9c51af8e057ec7930267ad9247
  languageName: node
  linkType: hard

"@civ-clone/base-science-advance-university@npm:^0.1.0":
  version: 0.1.0
  resolution: "@civ-clone/base-science-advance-university@npm:0.1.0"
  dependencies:
    "@civ-clone/core-science": ^0.1.0
  checksum: a0b4c014cb6e16645e62a7c4cd3c26719d3607d5bfbb57b19aa26604aa9a060e04a706a326654dd55944ba5d715586b81781bfd439359b28ce2dae40d769ef5b
  languageName: node
  linkType: hard

"@civ-clone/base-science-advance-writing@npm:^0.1.0":
  version: 0.1.0
  resolution: "@civ-clone/base-science-advance-writing@npm:0.1.0"
  dependencies:
    "@civ-clone/core-science": ^0.1.0
  checksum: e1201a2a4f8733aa960fd341ced19149d848f485b196a6aa14bac793c94cf80152e8d04b5a1c24de09e9a180de19f5bee7aa6ef15a68f7215184223e7a82b18d
  languageName: node
  linkType: hard

"@civ-clone/civ1-government@workspace:.":
  version: 0.0.0-use.local
  resolution: "@civ-clone/civ1-government@workspace:."
  dependencies:
    "@civ-clone/core-engine": ^0.1.0
    "@civ-clone/core-government": ^0.1.0
    "@civ-clone/core-player": ^0.1.0
    "@civ-clone/core-player-world": ^0.1.0
    "@civ-clone/core-rule": ^0.1.0
    "@civ-clone/core-science": ^0.1.0
    "@civ-clone/library-government": ^0.1.1
    "@civ-clone/library-science": ^0.1.0
    "@types/node": ^14.11.2
    prettier: ^2.1.2
    typescript: ^4.0.3
  languageName: unknown
  linkType: soft

"@civ-clone/core-civilization@npm:^0.1.0":
  version: 0.1.3
  resolution: "@civ-clone/core-civilization@npm:0.1.3"
  dependencies:
    "@civ-clone/core-data-object": ^0.1.0
    "@civ-clone/core-registry": ^0.1.0
    "@civ-clone/core-yield": ^0.1.0
  checksum: 60943d307362aaa3eeabccb04621c9a6e20ff3c1d9c64b9a5b5a80f2bc0d661001c646d3351d925458a58704c266f7266e24e05cc72de1576271cede8808674f
  languageName: node
  linkType: hard

"@civ-clone/core-data-object@npm:^0.1.0":
  version: 0.1.12
  resolution: "@civ-clone/core-data-object@npm:0.1.12"
  dependencies:
    "@civ-clone/core-registry": ^0.1.0
  checksum: 925b7f8e4485e77483e8db609c3f3e132ec16af85005e9333de758fbe64cbbe82a502745da69f6c29a2241f01d2b58ed64de996e54955dc9affbf0fc0738432d
  languageName: node
  linkType: hard

"@civ-clone/core-engine@npm:^0.1.0":
  version: 0.1.3
  resolution: "@civ-clone/core-engine@npm:0.1.3"
  dependencies:
    "@civ-clone/core-rule": ^0.1.0
    "@dom111/typed-event-emitter": ^0.1.2
  checksum: 10197ee6e675085de3d8845360ae13298f283d26fb2b6acdd2297353ff16e2f34a92c3762c90322c29036ed5fe336d794fb821b1e358f0830643b4ff28566653
  languageName: node
  linkType: hard

"@civ-clone/core-government@npm:^0.1.0, @civ-clone/core-government@npm:^0.1.3":
  version: 0.1.4
  resolution: "@civ-clone/core-government@npm:0.1.4"
  dependencies:
    "@civ-clone/core-data-object": ^0.1.0
    "@civ-clone/core-player": ^0.1.0
    "@civ-clone/core-registry": ^0.1.0
    "@civ-clone/core-rule": ^0.1.0
  checksum: c8e81da66208f069eaa6137248bdd5ec66c03dfc7f1234ccb0430f2a0eafaff6ab586dafc59fb94ef748959840310ba66d70365ac9a8741c6075887a9f0f45f1
  languageName: node
  linkType: hard

"@civ-clone/core-player-world@npm:^0.1.0":
  version: 0.1.9
  resolution: "@civ-clone/core-player-world@npm:0.1.9"
  dependencies:
    "@civ-clone/core-data-object": ^0.1.0
    "@civ-clone/core-player": ^0.1.0
    "@civ-clone/core-registry": ^0.1.0
    "@civ-clone/core-rule": ^0.1.0
    "@civ-clone/core-terrain": ^0.1.0
    "@civ-clone/core-world": ^0.1.0
    "@civ-clone/core-yield": ^0.1.0
  checksum: 35c3249746f5a9a42d40f0dabf202ed20346a83628b37b6a7e55aaa8eeffbaae5b82c10e9258385d96ae15d9aa6a94cacffbc4d00c241dc1021bf37a5759c78f
  languageName: node
  linkType: hard

"@civ-clone/core-player@npm:^0.1.0, @civ-clone/core-player@npm:^0.1.2, @civ-clone/core-player@npm:^0.1.6":
  version: 0.1.7
  resolution: "@civ-clone/core-player@npm:0.1.7"
  dependencies:
    "@civ-clone/core-civilization": ^0.1.0
    "@civ-clone/core-data-object": ^0.1.0
    "@civ-clone/core-registry": ^0.1.0
    "@civ-clone/core-rule": ^0.1.0
    "@civ-clone/core-world": ^0.1.10
  checksum: f0f4696e039aae4c3b3a3487e7cc8b5e2d780af747a77c51cea20e1e502ee58f1f6571584b767c2f9a967a66b6d5d4e3f711e6c00aebfd2db690de7aced2f3b4
  languageName: node
  linkType: hard

"@civ-clone/core-registry@npm:^0.1.0":
  version: 0.1.1
  resolution: "@civ-clone/core-registry@npm:0.1.1"
  checksum: 9a4c9e05c90d3cae51c96587981cda472904f92cefa90ee726ddcf6eff0e4b36d63b20c8a1269820f2178021bd04077aed9aa9a1512bf4c5fd1f37b6b8ffdde5
  languageName: node
  linkType: hard

"@civ-clone/core-rule@npm:^0.1.0":
  version: 0.1.3
  resolution: "@civ-clone/core-rule@npm:0.1.3"
  dependencies:
    "@civ-clone/core-registry": ^0.1.0
  checksum: 53788b8d83ce01adcbde4e979c84f2d8e36e02009af7664a3342a50d3df83beb7e7e82ff5622b34a042b9555d4b9347ec8c59293a56712bca503cf3b10b86e29
  languageName: node
  linkType: hard

"@civ-clone/core-science@npm:^0.1.0":
  version: 0.1.4
  resolution: "@civ-clone/core-science@npm:0.1.4"
  dependencies:
    "@civ-clone/core-data-object": ^0.1.0
    "@civ-clone/core-player": ^0.1.0
    "@civ-clone/core-registry": ^0.1.0
    "@civ-clone/core-rule": ^0.1.0
    "@civ-clone/core-yield": ^0.1.0
  checksum: 21244d071cfb846e2a6ec715bfcb13782b936f70b21093981303c0c792b918dd3c4fe072ad5e3bf57b7c1fd489c53054d335771a1b178e860a0bd59f46e005dc
  languageName: node
  linkType: hard

"@civ-clone/core-terrain@npm:^0.1.0":
  version: 0.1.2
  resolution: "@civ-clone/core-terrain@npm:0.1.2"
  dependencies:
    "@civ-clone/core-data-object": ^0.1.0
    "@civ-clone/core-registry": ^0.1.0
    "@civ-clone/core-rule": ^0.1.0
  checksum: f6228057898eea5d3dbecf06211e937e2504ec8e123afcf70e07f7768f867bbb0af62be41b0631901ef155f1033066103db0ad1ac04046c1343cfa9399a26bf2
  languageName: node
  linkType: hard

"@civ-clone/core-world-generator@npm:^0.1.0":
  version: 0.1.3
  resolution: "@civ-clone/core-world-generator@npm:0.1.3"
  dependencies:
    "@civ-clone/core-player": ^0.1.6
    "@civ-clone/core-registry": ^0.1.0
    "@civ-clone/core-rule": ^0.1.0
    "@civ-clone/core-terrain": ^0.1.0
    "@civ-clone/core-world": ^0.1.10
  checksum: 18114800d925ecf41c1b75c0336d70f89a1688834a94cb3b07b6e27fc1cc900b7f9e64391492107983d5901ca94466252179a384f53b1c1430cde9ef0521c941
  languageName: node
  linkType: hard

"@civ-clone/core-world@npm:^0.1.0, @civ-clone/core-world@npm:^0.1.10":
  version: 0.1.10
  resolution: "@civ-clone/core-world@npm:0.1.10"
  dependencies:
    "@civ-clone/core-data-object": ^0.1.0
    "@civ-clone/core-player": ^0.1.0
    "@civ-clone/core-registry": ^0.1.0
    "@civ-clone/core-rule": ^0.1.0
    "@civ-clone/core-terrain": ^0.1.0
    "@civ-clone/core-world-generator": ^0.1.0
    "@civ-clone/core-yield": ^0.1.0
  checksum: cc59bc8ae73ced33d72c23f5874baa8d7309078315d8b12c1484b5a2b7f6a970f780b55690f07b90c93dbd691f84893002e6fd8bbce33d8095c2b08c3ca04849
  languageName: node
  linkType: hard

"@civ-clone/core-yield@npm:^0.1.0":
  version: 0.1.4
  resolution: "@civ-clone/core-yield@npm:0.1.4"
  dependencies:
    "@civ-clone/core-data-object": ^0.1.0
    "@civ-clone/core-registry": ^0.1.0
  checksum: 42ee571552acdc0bf039f98ef6b5b0b11b6f691a716eb027ecbc3f4215c63cb0db0793718dc08f1a27bc85accf39b67a834529eb17f5d4aab4d40e5df4e0e0a1
  languageName: node
  linkType: hard

"@civ-clone/library-government@npm:^0.1.1":
  version: 0.1.1
  resolution: "@civ-clone/library-government@npm:0.1.1"
  dependencies:
    "@civ-clone/base-government-anarchy": ^0.1.0
    "@civ-clone/base-government-communism": ^0.1.0
    "@civ-clone/base-government-democracy": ^0.1.0
    "@civ-clone/base-government-despotism": ^0.1.0
    "@civ-clone/base-government-monarchy": ^0.1.0
    "@civ-clone/base-government-republic": ^0.1.0
    "@civ-clone/base-player-action-revolution": ^0.1.1
  checksum: c48765ad79d31a18b45ad32d0a4c733d4fbafcc988375313e5bcc566988a975fe730297a181510a14c19ce46bb2fbcc57049a33a2e454017b4dfe592b7da0819
  languageName: node
  linkType: hard

"@civ-clone/library-science@npm:^0.1.0":
  version: 0.1.0
  resolution: "@civ-clone/library-science@npm:0.1.0"
  dependencies:
    "@civ-clone/base-city-yield-research": ^0.1.0
    "@civ-clone/base-science-advance-advancedflight": ^0.1.0
    "@civ-clone/base-science-advance-alphabet": ^0.1.0
    "@civ-clone/base-science-advance-astronomy": ^0.1.0
    "@civ-clone/base-science-advance-atomictheory": ^0.1.0
    "@civ-clone/base-science-advance-automobile": ^0.1.0
    "@civ-clone/base-science-advance-banking": ^0.1.0
    "@civ-clone/base-science-advance-bridgebuilding": ^0.1.0
    "@civ-clone/base-science-advance-bronzeworking": ^0.1.0
    "@civ-clone/base-science-advance-ceremonialburial": ^0.1.0
    "@civ-clone/base-science-advance-chemistry": ^0.1.0
    "@civ-clone/base-science-advance-chivalry": ^0.1.0
    "@civ-clone/base-science-advance-codeoflaws": ^0.1.0
    "@civ-clone/base-science-advance-combustion": ^0.1.0
    "@civ-clone/base-science-advance-communism": ^0.1.0
    "@civ-clone/base-science-advance-computers": ^0.1.0
    "@civ-clone/base-science-advance-conscription": ^0.1.0
    "@civ-clone/base-science-advance-construction": ^0.1.0
    "@civ-clone/base-science-advance-corporation": ^0.1.0
    "@civ-clone/base-science-advance-currency": ^0.1.0
    "@civ-clone/base-science-advance-democracy": ^0.1.0
    "@civ-clone/base-science-advance-electricity": ^0.1.0
    "@civ-clone/base-science-advance-electronics": ^0.1.0
    "@civ-clone/base-science-advance-engineering": ^0.1.0
    "@civ-clone/base-science-advance-explosives": ^0.1.0
    "@civ-clone/base-science-advance-feudalism": ^0.1.0
    "@civ-clone/base-science-advance-flight": ^0.1.0
    "@civ-clone/base-science-advance-fusionpower": ^0.1.0
    "@civ-clone/base-science-advance-geneticengineering": ^0.1.0
    "@civ-clone/base-science-advance-gunpowder": ^0.1.0
    "@civ-clone/base-science-advance-horsebackriding": ^0.1.0
    "@civ-clone/base-science-advance-industrialization": ^0.1.0
    "@civ-clone/base-science-advance-invention": ^0.1.0
    "@civ-clone/base-science-advance-ironworking": ^0.1.0
    "@civ-clone/base-science-advance-laborunion": ^0.1.0
    "@civ-clone/base-science-advance-literacy": ^0.1.0
    "@civ-clone/base-science-advance-magnetism": ^0.1.0
    "@civ-clone/base-science-advance-mapmaking": ^0.1.0
    "@civ-clone/base-science-advance-masonry": ^0.1.0
    "@civ-clone/base-science-advance-massproduction": ^0.1.0
    "@civ-clone/base-science-advance-mathematics": ^0.1.0
    "@civ-clone/base-science-advance-medicine": ^0.1.0
    "@civ-clone/base-science-advance-metallurgy": ^0.1.0
    "@civ-clone/base-science-advance-monarchy": ^0.1.0
    "@civ-clone/base-science-advance-mysticism": ^0.1.0
    "@civ-clone/base-science-advance-navigation": ^0.1.0
    "@civ-clone/base-science-advance-nuclearfission": ^0.1.0
    "@civ-clone/base-science-advance-nuclearpower": ^0.1.0
    "@civ-clone/base-science-advance-philosophy": ^0.1.0
    "@civ-clone/base-science-advance-physics": ^0.1.0
    "@civ-clone/base-science-advance-plastics": ^0.1.0
    "@civ-clone/base-science-advance-pottery": ^0.1.0
    "@civ-clone/base-science-advance-railroad": ^0.1.0
    "@civ-clone/base-science-advance-recycling": ^0.1.0
    "@civ-clone/base-science-advance-refining": ^0.1.0
    "@civ-clone/base-science-advance-religion": ^0.1.0
    "@civ-clone/base-science-advance-robotics": ^0.1.0
    "@civ-clone/base-science-advance-rocketry": ^0.1.0
    "@civ-clone/base-science-advance-spaceflight": ^0.1.0
    "@civ-clone/base-science-advance-steamengine": ^0.1.0
    "@civ-clone/base-science-advance-steel": ^0.1.0
    "@civ-clone/base-science-advance-superconductor": ^0.1.0
    "@civ-clone/base-science-advance-theoryofgravity": ^0.1.0
    "@civ-clone/base-science-advance-therepublic": ^0.1.0
    "@civ-clone/base-science-advance-thewheel": ^0.1.0
    "@civ-clone/base-science-advance-trade": ^0.1.0
    "@civ-clone/base-science-advance-university": ^0.1.0
    "@civ-clone/base-science-advance-writing": ^0.1.0
  checksum: 4d329f5e1e36ed16dfb93467624a83cb1be66d4279c3c52bd4e5c5adfc93bb3de1936df6972ea1be5ed59ec00f5636bd8e66deecded7d94921d0cdf19c689c36
  languageName: node
  linkType: hard

"@dom111/typed-event-emitter@npm:^0.1.2":
  version: 0.1.2
  resolution: "@dom111/typed-event-emitter@npm:0.1.2"
  checksum: 77cd217ccb47ade8b6b3ab3afeb9502f0f48703c77c837d5e6ddce8e174a310bc53c11fc209972a0483dd057f14d4e3f3258ceb3cd710e9f9cb7ac157837f81e
  languageName: node
  linkType: hard

"@types/node@npm:^14.11.2":
  version: 14.18.18
  resolution: "@types/node@npm:14.18.18"
  checksum: a165225cd2603f6e62af8407449e4a4407305e03b41c1adf6b186fdf546e1a03c8214217659b5b36c556947c0c06234993ac880d4db6378136a7a810d47e0742
  languageName: node
  linkType: hard

"prettier@npm:^2.1.2":
  version: 2.8.7
  resolution: "prettier@npm:2.8.7"
  bin:
    prettier: bin-prettier.js
  checksum: fdc8f2616f099f5f0d685907f4449a70595a0fc1d081a88919604375989e0d5e9168d6121d8cc6861f21990b31665828e00472544d785d5940ea08a17660c3a6
  languageName: node
  linkType: hard

"typescript@npm:^4.0.3":
  version: 4.9.5
  resolution: "typescript@npm:4.9.5"
  bin:
    tsc: bin/tsc
    tsserver: bin/tsserver
  checksum: ee000bc26848147ad423b581bd250075662a354d84f0e06eb76d3b892328d8d4440b7487b5a83e851b12b255f55d71835b008a66cbf8f255a11e4400159237db
  languageName: node
  linkType: hard

"typescript@patch:typescript@^4.0.3#~builtin<compat/typescript>":
  version: 4.9.5
  resolution: "typescript@patch:typescript@npm%3A4.9.5#~builtin<compat/typescript>::version=4.9.5&hash=d73830"
  bin:
    tsc: bin/tsc
    tsserver: bin/tsserver
  checksum: 2eee5c37cad4390385db5db5a8e81470e42e8f1401b0358d7390095d6f681b410f2c4a0c496c6ff9ebd775423c7785cdace7bcdad76c7bee283df3d9718c0f20
  languageName: node
  linkType: hard
