# THIS IS AN AUTOGENERATED FILE. DO NOT EDIT THIS FILE DIRECTLY.
# yarn lockfile v1


"@civ-clone/base-city-yield-research@^0.1.0":
  version "0.1.0"
  resolved "https://registry.yarnpkg.com/@civ-clone/base-city-yield-research/-/base-city-yield-research-0.1.0.tgz#7b0a7d8f85f19b9eafadf93c7c9b1c337f0dc67d"
  integrity sha512-A/q5fID0UdfQ9H1IRj6sq7JqL8em+5j3tgdU2ZLCWn240guHMjAtkdNF5ZnbAn2OTDwn9VvCUrKC1dfAp5kKXA==
  dependencies:
    "@civ-clone/core-yield" "^0.1.0"

"@civ-clone/base-government-anarchy@^0.1.0":
  version "0.1.0"
  resolved "https://registry.yarnpkg.com/@civ-clone/base-government-anarchy/-/base-government-anarchy-0.1.0.tgz#5b29d3d614aa51457b22253a0a53d0975a042e7f"
  integrity sha512-+bOmYkf56MLzidpi1mlXJEv8NC59S4TFdNcDrGOk9hIsRdAr48RgNFueuOzwBIqq40W3dU3dhUqdFDTefYyhrA==
  dependencies:
    "@civ-clone/core-government" "^0.1.0"

"@civ-clone/base-government-communism@^0.1.0":
  version "0.1.0"
  resolved "https://registry.yarnpkg.com/@civ-clone/base-government-communism/-/base-government-communism-0.1.0.tgz#7e1d94f45f4730f2eee74b0da509921d01a81533"
  integrity sha512-JVcsHn5AZpGUAOCLVF0MCNnqjrvTL9pgHhrKv3djQoC8ZIWVmrXpJkL+LXNwbaq+NnMIKUOeUN5mOXUeYoiXtA==
  dependencies:
    "@civ-clone/core-government" "^0.1.0"

"@civ-clone/base-government-democracy@^0.1.0":
  version "0.1.0"
  resolved "https://registry.yarnpkg.com/@civ-clone/base-government-democracy/-/base-government-democracy-0.1.0.tgz#ba4e797ac5eed920c807625b5089110a55fb2d2f"
  integrity sha512-vLEpLVFCBg/t0z4pPTvdzevUHk+8fHuUDxFdmQCKd/52KxEm5IVP4Xt88gkYxB2HA103nGYUF3MKO1FWUOF4iQ==
  dependencies:
    "@civ-clone/core-government" "^0.1.0"

"@civ-clone/base-government-despotism@^0.1.0":
  version "0.1.0"
  resolved "https://registry.yarnpkg.com/@civ-clone/base-government-despotism/-/base-government-despotism-0.1.0.tgz#2e9faf49410538bba339d7cf4b8943205bbd2d4a"
  integrity sha512-MzBJWOVW9XzIMc8mWfySP60zoJl9vq9GMXMd1wxcaGZC4U7aNuVFfGiAM/d5C+N2RDd5IUALGMjpywtDorRaPA==
  dependencies:
    "@civ-clone/core-government" "^0.1.0"

"@civ-clone/base-government-monarchy@^0.1.0":
  version "0.1.0"
  resolved "https://registry.yarnpkg.com/@civ-clone/base-government-monarchy/-/base-government-monarchy-0.1.0.tgz#7a4c12fedbb16542363a1ab8cdf474a3ea6e8537"
  integrity sha512-rTMTS+2shbDR9xCV1usJJ3453cn8sg4IhgyJ3YJ5G9bj1AQ/R67mgvqxgq1W+aTh+gYKdns5yGKI1E+Id5mHmQ==
  dependencies:
    "@civ-clone/core-government" "^0.1.0"

"@civ-clone/base-government-republic@^0.1.0":
  version "0.1.0"
  resolved "https://registry.yarnpkg.com/@civ-clone/base-government-republic/-/base-government-republic-0.1.0.tgz#c034dffdeb50d3eb1e86a5343366e0b78e737ee0"
  integrity sha512-wf0tzX0qTq4sGTWgk+qVFWi2KS5xgMujmxIrZOwGZFg5oqKeaKetlAeZ2ucEkSREv4XrtzRQlFZUPbFECcZPQQ==
  dependencies:
    "@civ-clone/core-government" "^0.1.0"

"@civ-clone/base-science-advance-alphabet@^0.1.0":
  version "0.1.0"
  resolved "https://registry.yarnpkg.com/@civ-clone/base-science-advance-alphabet/-/base-science-advance-alphabet-0.1.0.tgz#822c592dd3e89d45da093e83d7551ffb3d906037"
  integrity sha512-BgZECP4W2E0RTXcretXOfH008fCXth9WyKF20JldF461iP+PX/9VsFkOumbhL2p+7Is1fL7pEXORpUw6qayNvg==
  dependencies:
    "@civ-clone/core-science" "^0.1.0"

"@civ-clone/base-science-advance-astronomy@^0.1.0":
  version "0.1.0"
  resolved "https://registry.yarnpkg.com/@civ-clone/base-science-advance-astronomy/-/base-science-advance-astronomy-0.1.0.tgz#f63aeac35b532b579fbb6e18f1524c95832ad531"
  integrity sha512-6fthX+LGtcig1+Gxx9bxfufou6pakhyt1/vlM3ACpObE+yT05JYGnh3XM8+SovlcMbc2ndv4eLJbCuamojAkHA==
  dependencies:
    "@civ-clone/core-science" "^0.1.0"

"@civ-clone/base-science-advance-bridgebuilding@^0.1.0":
  version "0.1.0"
  resolved "https://registry.yarnpkg.com/@civ-clone/base-science-advance-bridgebuilding/-/base-science-advance-bridgebuilding-0.1.0.tgz#ccf396c76e81b69dc8864b26d9ea666551d359a7"
  integrity sha512-Dac9asU6zQJjBfl72peR80m3P0Cwtz2jZAUdVslmhZ+TNSxkkoX4iDUprXzUkPCPK4k9P6dOOzRvPtMb0a+ajA==
  dependencies:
    "@civ-clone/core-science" "^0.1.0"

"@civ-clone/base-science-advance-bronzeworking@^0.1.0":
  version "0.1.0"
  resolved "https://registry.yarnpkg.com/@civ-clone/base-science-advance-bronzeworking/-/base-science-advance-bronzeworking-0.1.0.tgz#0cb522e9c565bbfaf2bdcb1d433fd2c21fe538d5"
  integrity sha512-qe0zcL+tsUEbfFkXhUfD894dJbwrkAWm/mYMRj/1MT4oW+cbrrH+oy0AZBs7PKK2N2/RbEaaXqAPbahmKXXlyw==
  dependencies:
    "@civ-clone/core-science" "^0.1.0"

"@civ-clone/base-science-advance-ceremonialburial@^0.1.0":
  version "0.1.0"
  resolved "https://registry.yarnpkg.com/@civ-clone/base-science-advance-ceremonialburial/-/base-science-advance-ceremonialburial-0.1.0.tgz#a4dbc865491ead0906890ea48bedd9cffc1a1535"
  integrity sha512-/TGLAQ72GrPY0xFkWgEjCYvDaJU66GxaLrZlKx6Dtk+WNSe7247KWJo7XCGguZ3iGzDUuEYW1DLwUfojWQnRsg==
  dependencies:
    "@civ-clone/core-science" "^0.1.0"

"@civ-clone/base-science-advance-chivalry@^0.1.0":
  version "0.1.0"
  resolved "https://registry.yarnpkg.com/@civ-clone/base-science-advance-chivalry/-/base-science-advance-chivalry-0.1.0.tgz#676bcc4b2f756584d1a5003c87a565b6539d2073"
  integrity sha512-Zvv3TOVS3Qz5wNy+RtNP7eIMf0MBJfRoH2CpIKGPrg3IK3R6SAgJFqnIHZZFsiYx2jIpGjNNhdXl7aJ/IL1MDQ==
  dependencies:
    "@civ-clone/core-science" "^0.1.0"

"@civ-clone/base-science-advance-codeoflaws@^0.1.0":
  version "0.1.0"
  resolved "https://registry.yarnpkg.com/@civ-clone/base-science-advance-codeoflaws/-/base-science-advance-codeoflaws-0.1.0.tgz#fb60aa09089fc990193b4887fea42d2478ad19b8"
  integrity sha512-YG5FWSXilrYaMVbMEctwqQL3qt8Q5lJtqb15eUpQtnS23NQ8YNt46cRV/mZMzHJxg8h6ePTQOlsiQoA0Dd7sAg==
  dependencies:
    "@civ-clone/core-science" "^0.1.0"

"@civ-clone/base-science-advance-construction@^0.1.0":
  version "0.1.0"
  resolved "https://registry.yarnpkg.com/@civ-clone/base-science-advance-construction/-/base-science-advance-construction-0.1.0.tgz#e47517a30b424ca74649bd2f3cc680a56b1ada91"
  integrity sha512-J3uTK3+KvK2k5wmSc2xLNrXbnwCf2fBVo32Q7eLrww6CP8O3lIB7sctF5sUFJ5/MbLLkxRQHR7p9y6wmwH+gFw==
  dependencies:
    "@civ-clone/core-science" "^0.1.0"

"@civ-clone/base-science-advance-currency@^0.1.0":
  version "0.1.0"
  resolved "https://registry.yarnpkg.com/@civ-clone/base-science-advance-currency/-/base-science-advance-currency-0.1.0.tgz#c842ec81d1aaacdcc933552df564f17038000c4c"
  integrity sha512-60AQ8eJ0/l6t9Fq1VWPYwkA9mNJTg6xUQiwzZpBACSkhSADsPEnmzLORpweo+g/56dAyKau9Z1CPtvXAOCmrdw==
  dependencies:
    "@civ-clone/core-science" "^0.1.0"

"@civ-clone/base-science-advance-engineering@^0.1.0":
  version "0.1.0"
  resolved "https://registry.yarnpkg.com/@civ-clone/base-science-advance-engineering/-/base-science-advance-engineering-0.1.0.tgz#061a57edfd8b4d06ad0e1b92951bf6275f260c98"
  integrity sha512-GbfGzVJxqQZEmeioJ+SI5KYwEvUbPHVAhD5PztzzQhWXo0rLAU2cdSss6XREEd+3JBJod7iOr+skT24aHZlD6g==
  dependencies:
    "@civ-clone/core-science" "^0.1.0"

"@civ-clone/base-science-advance-feudalism@^0.1.0":
  version "0.1.0"
  resolved "https://registry.yarnpkg.com/@civ-clone/base-science-advance-feudalism/-/base-science-advance-feudalism-0.1.0.tgz#ec58bfbf2480ad99631279260502eaee16a41e2f"
  integrity sha512-RMNzqKcdRqXUkn1nj3hCBxxyMTKpXY8OSVpxnQkErDblWR4ykV55/5+7xZg3pk5S3392QbUNvQ8c+ZsGkKGS2w==
  dependencies:
    "@civ-clone/core-science" "^0.1.0"

"@civ-clone/base-science-advance-gunpowder@^0.1.0":
  version "0.1.0"
  resolved "https://registry.yarnpkg.com/@civ-clone/base-science-advance-gunpowder/-/base-science-advance-gunpowder-0.1.0.tgz#5d230e76bf65d5bc6d672317a3026750d73f547b"
  integrity sha512-An/Zozl2t1yPfnV88IuTErloHGWNl1Z4HqGffFHCLcTtIry04/EqJasu1n5Zm+UGAoAEHZuBiHC1jw55JdTZwQ==
  dependencies:
    "@civ-clone/core-science" "^0.1.0"

"@civ-clone/base-science-advance-horsebackriding@^0.1.0":
  version "0.1.0"
  resolved "https://registry.yarnpkg.com/@civ-clone/base-science-advance-horsebackriding/-/base-science-advance-horsebackriding-0.1.0.tgz#198715e3318fc71538e7e67f9d8e4322da36bf25"
  integrity sha512-REf8UaXdybL2ql9ynL3yoWiQuvWx8bVuVAmxBjKA6PV8yPGGtB4jEW6TVLqxLE8i72RLI7EadMhbdRA8GKeSEg==
  dependencies:
    "@civ-clone/core-science" "^0.1.0"

"@civ-clone/base-science-advance-invention@^0.1.0":
  version "0.1.0"
  resolved "https://registry.yarnpkg.com/@civ-clone/base-science-advance-invention/-/base-science-advance-invention-0.1.0.tgz#77e4167d99c92350f871f3dfbcdb6d757b5880a2"
  integrity sha512-FCx660UAd321DGG0Ca44/RxNzdkj9TWRRuL1k7PStOTV2BWK+3XVUjYOFFlppqV6O8IuEzkLFxbtUAD+GkcJtA==
  dependencies:
    "@civ-clone/core-science" "^0.1.0"

"@civ-clone/base-science-advance-ironworking@^0.1.0":
  version "0.1.0"
  resolved "https://registry.yarnpkg.com/@civ-clone/base-science-advance-ironworking/-/base-science-advance-ironworking-0.1.0.tgz#5cff03c1115d271ee4aa0fbd7ae2cff4975bb328"
  integrity sha512-F68+Ic2Jzb9ZWw1lcnL7T4MRpx6jkmiBey9czWjJwqXRJth7btpu1BeAd/Tc6swlXYHn541EAkIg10QoA7N7jQ==
  dependencies:
    "@civ-clone/core-science" "^0.1.0"

"@civ-clone/base-science-advance-literacy@^0.1.0":
  version "0.1.0"
  resolved "https://registry.yarnpkg.com/@civ-clone/base-science-advance-literacy/-/base-science-advance-literacy-0.1.0.tgz#94b0ecb73161ce7a66ea99a010b38b46b82234e3"
  integrity sha512-+niBNOlbLgYnTK4M4z34Jep78l9FJb9Q/COE0imYH65KOT4Eq1l2bnY6A726yN7yidorjTUeY4lHKc79hKHyZg==
  dependencies:
    "@civ-clone/core-science" "^0.1.0"

"@civ-clone/base-science-advance-mapmaking@^0.1.0":
  version "0.1.0"
  resolved "https://registry.yarnpkg.com/@civ-clone/base-science-advance-mapmaking/-/base-science-advance-mapmaking-0.1.0.tgz#11719a6297d0afc712bdc72972c0a2e3f1215553"
  integrity sha512-AkUrsC3Bf2rIeUxqrwrSE/3MWTVVeL0g2WYhU/Y+8YtXHvwg8Mb8LDV1YDA5W8thyB0VeICZd0lP+55Cltzvkg==
  dependencies:
    "@civ-clone/core-science" "^0.1.0"

"@civ-clone/base-science-advance-masonry@^0.1.0":
  version "0.1.0"
  resolved "https://registry.yarnpkg.com/@civ-clone/base-science-advance-masonry/-/base-science-advance-masonry-0.1.0.tgz#b892ea2d328b0dfdaefc0ff65529d660a354f37d"
  integrity sha512-fIwiD0Jq9nlOAThtM2fU6MP6xpkdvQwDTAlWxndmwABmRiR1jK5sccMZQjmpiIYqxr3gjhmrou/ADgZ+KVI1sg==
  dependencies:
    "@civ-clone/core-science" "^0.1.0"

"@civ-clone/base-science-advance-mathematics@^0.1.0":
  version "0.1.0"
  resolved "https://registry.yarnpkg.com/@civ-clone/base-science-advance-mathematics/-/base-science-advance-mathematics-0.1.0.tgz#c04cde5543a0d8ed0a01ce92d24e9bde89531493"
  integrity sha512-2/5cNWL5sPsFsIzRmyoEQY2anSNfI4sxk1wGLEfmSgC53jKkjrjuZJ2o+F34pN4MF5HvpfKSOf7rJic2wjok+Q==
  dependencies:
    "@civ-clone/core-science" "^0.1.0"

"@civ-clone/base-science-advance-monarchy@^0.1.0":
  version "0.1.0"
  resolved "https://registry.yarnpkg.com/@civ-clone/base-science-advance-monarchy/-/base-science-advance-monarchy-0.1.0.tgz#2d1e31536c30a59e754a7d81e40ef0e58a1c3434"
  integrity sha512-k9xcEv6Xn6MJgqRhsP6pNCl5OsTd7OlymwwLqLchm2F2t6bgwiV/qoFq4iY1ZBuFNVCy4c59GpgKhA0x3PZXsg==
  dependencies:
    "@civ-clone/core-science" "^0.1.0"

"@civ-clone/base-science-advance-mysticism@^0.1.0":
  version "0.1.0"
  resolved "https://registry.yarnpkg.com/@civ-clone/base-science-advance-mysticism/-/base-science-advance-mysticism-0.1.0.tgz#41c20e2fb6f544fa8ba9ef4b5d0153bc4f9b2c7e"
  integrity sha512-DY7E5KxvOTh4toBkMiXuqwp+WlvPeP/UkqsFprDRcF7gwu2UV50lzFIFV3ABikOjyAoXMA5hmxOKB7pekcBk3g==
  dependencies:
    "@civ-clone/core-science" "^0.1.0"

"@civ-clone/base-science-advance-navigation@^0.1.0":
  version "0.1.0"
  resolved "https://registry.yarnpkg.com/@civ-clone/base-science-advance-navigation/-/base-science-advance-navigation-0.1.0.tgz#050155ed6f3de7efa4ef9052bfaa6ba98adb04b5"
  integrity sha512-CG8+emZApwjfKVJc9jE7lrA1wQLhRPKUoJnRN9DCGxM5fOiKXKFrepYKnvGPNTSXHWCmv2EsGrc3taauv7iU2A==
  dependencies:
    "@civ-clone/core-science" "^0.1.0"

"@civ-clone/base-science-advance-pottery@^0.1.0":
  version "0.1.0"
  resolved "https://registry.yarnpkg.com/@civ-clone/base-science-advance-pottery/-/base-science-advance-pottery-0.1.0.tgz#1113f2b39e41b05820afa4d65a9e76823dbca8f8"
  integrity sha512-4GvXgnknPiSNWL3qmnoTimgp9cLcuiV9+a9lPVxoyU0Bly3JREvP9bo/sXpdvXxatBIWp5pQug+n82K2SRJiNQ==
  dependencies:
    "@civ-clone/core-science" "^0.1.0"

"@civ-clone/base-science-advance-therepublic@^0.1.0":
  version "0.1.0"
  resolved "https://registry.yarnpkg.com/@civ-clone/base-science-advance-therepublic/-/base-science-advance-therepublic-0.1.0.tgz#4ce3a9a5ef5c643984a5516a0468a0f1a6d3db16"
  integrity sha512-TJEKzxdS2HFNcrvPgRpPpZ1+gu4dAi1TczT4PJ/WVVR+Bs+hHdJrf47VE6bLW4neWXg/x+i45lLNkjl+lIxCTA==
  dependencies:
    "@civ-clone/core-science" "^0.1.0"

"@civ-clone/base-science-advance-thewheel@^0.1.0":
  version "0.1.0"
  resolved "https://registry.yarnpkg.com/@civ-clone/base-science-advance-thewheel/-/base-science-advance-thewheel-0.1.0.tgz#3681f0ce42d316db63673e24833bc32aee6c66cc"
  integrity sha512-kK+9pX8Uod3b/3c/QE2E04qIPGh7U9trrEwDpns2EX5u4pazKjKrM6lMvCI5PysH+PmuPf2D5e3HDO1EWKpLsg==
  dependencies:
    "@civ-clone/core-science" "^0.1.0"

"@civ-clone/base-science-advance-writing@^0.1.0":
  version "0.1.0"
  resolved "https://registry.yarnpkg.com/@civ-clone/base-science-advance-writing/-/base-science-advance-writing-0.1.0.tgz#017eead84fd381337602020c7cdc13ef97569d0a"
  integrity sha512-K+MB8yjYBZNjSUgJ0jUEh1EJG9EWg5/K1YO4J5EEVB3W02TxSjUiSo3ZC7BkKBT3a0azJ+U8yPP8JXNTI1RUKA==
  dependencies:
    "@civ-clone/core-science" "^0.1.0"

"@civ-clone/civ1-science@github:civ-clone/civ1-science":
  version "0.1.0"
  resolved "https://codeload.github.com/civ-clone/civ1-science/tar.gz/7a4cad4606663a5d215ab11f5b6a40cbf0e7a910"
  dependencies:
    "@civ-clone/base-city-yield-research" "^0.1.0"
    "@civ-clone/base-science-advance-alphabet" "^0.1.0"
    "@civ-clone/base-science-advance-astronomy" "^0.1.0"
    "@civ-clone/base-science-advance-bridgebuilding" "^0.1.0"
    "@civ-clone/base-science-advance-bronzeworking" "^0.1.0"
    "@civ-clone/base-science-advance-ceremonialburial" "^0.1.0"
    "@civ-clone/base-science-advance-chivalry" "^0.1.0"
    "@civ-clone/base-science-advance-codeoflaws" "^0.1.0"
    "@civ-clone/base-science-advance-construction" "^0.1.0"
    "@civ-clone/base-science-advance-currency" "^0.1.0"
    "@civ-clone/base-science-advance-engineering" "^0.1.0"
    "@civ-clone/base-science-advance-feudalism" "^0.1.0"
    "@civ-clone/base-science-advance-gunpowder" "^0.1.0"
    "@civ-clone/base-science-advance-horsebackriding" "^0.1.0"
    "@civ-clone/base-science-advance-invention" "^0.1.0"
    "@civ-clone/base-science-advance-ironworking" "^0.1.0"
    "@civ-clone/base-science-advance-literacy" "^0.1.0"
    "@civ-clone/base-science-advance-mapmaking" "^0.1.0"
    "@civ-clone/base-science-advance-masonry" "^0.1.0"
    "@civ-clone/base-science-advance-mathematics" "^0.1.0"
    "@civ-clone/base-science-advance-monarchy" "^0.1.0"
    "@civ-clone/base-science-advance-mysticism" "^0.1.0"
    "@civ-clone/base-science-advance-navigation" "^0.1.0"
    "@civ-clone/base-science-advance-pottery" "^0.1.0"
    "@civ-clone/base-science-advance-therepublic" "^0.1.0"
    "@civ-clone/base-science-advance-thewheel" "^0.1.0"
    "@civ-clone/base-science-advance-writing" "^0.1.0"
    "@civ-clone/core-city" "^0.1.0"
    "@civ-clone/core-engine" "^0.1.0"
    "@civ-clone/core-player" "^0.1.0"
    "@civ-clone/core-registry" "^0.1.0"
    "@civ-clone/core-rule" "^0.1.0"
    "@civ-clone/core-science" "^0.1.0"
    "@civ-clone/core-yield" "^0.1.0"

"@civ-clone/core-city@^0.1.0":
  version "0.1.0"
  resolved "https://registry.yarnpkg.com/@civ-clone/core-city/-/core-city-0.1.0.tgz#e6fbf815ded6c1b1ed8672718de7f5b5302badc5"
  integrity sha512-yn/ZWmomdtiBaljVOzam7OkgFPIGVMH8UPERY/hlceposoYl7Fslb1GTdM7ZA2kJBXhtR2JUpgX3tvHI5DtQfQ==
  dependencies:
    "@civ-clone/core-data-object" "^0.1.0"
    "@civ-clone/core-player" "^0.1.0"
    "@civ-clone/core-registry" "^0.1.0"
    "@civ-clone/core-rule" "^0.1.0"
    "@civ-clone/core-world" "^0.1.0"
    "@civ-clone/core-yield" "^0.1.0"

"@civ-clone/core-civilization@^0.1.0":
  version "0.1.0"
  resolved "https://registry.yarnpkg.com/@civ-clone/core-civilization/-/core-civilization-0.1.0.tgz#4d24c7350a706e88a17826a77120efee142c2763"
  integrity sha512-OtX4KLV8j9PvIJK45MNQPCoIXMEQnO25R+laVGkGSFDr8DeWlMFCFn+ceQFRzVEvAcx41hiEmcIC8vg0XvYo8g==
  dependencies:
    "@civ-clone/core-data-object" "^0.1.0"
    "@civ-clone/core-registry" "^0.1.0"
    "@civ-clone/core-yield" "^0.1.0"

"@civ-clone/core-data-object@^0.1.0":
  version "0.1.1"
  resolved "https://registry.yarnpkg.com/@civ-clone/core-data-object/-/core-data-object-0.1.1.tgz#d8dc8ee2d805ec2410b7f8cbf0725f9199019d42"
  integrity sha512-kkET5mHzWYLtvwf9CwnyrnYPjajshdMOE4fVOL6QWRAaE1CViefL1zdftRZJ4GDe3PQuBJeK5UgEuvubJF4HOQ==
  dependencies:
    "@civ-clone/core-registry" "^0.1.0"
    ulid "^2.3.0"

"@civ-clone/core-engine@^0.1.0":
  version "0.1.1"
  resolved "https://registry.yarnpkg.com/@civ-clone/core-engine/-/core-engine-0.1.1.tgz#c83120c490fa100c78f340f6464893bb4eb20113"
  integrity sha512-0UKaU26ma7PAx1pjfGm1LmZUD52eEZnSFBIcJHCadWJmMSnyx07Xr4cvGpkMHje4oKQqaD6g88adZ4lorp5XVQ==
  dependencies:
    "@civ-clone/core-registry" "^0.1.0"
    "@civ-clone/core-rule" "^0.1.0"
    "@types/glob" "^7.1.3"
    glob "^7.1.6"

"@civ-clone/core-government@^0.1.0":
  version "0.1.0"
  resolved "https://registry.yarnpkg.com/@civ-clone/core-government/-/core-government-0.1.0.tgz#f3d6a0c1f64c45491703fe7bce2cae66b28f0c62"
  integrity sha512-HzwOpHDgOW05SXa2ikwXh7453pHpwmxGymfRLu0avM7oMLqAQI+2ysyVxi7C01/AbVvwhhiWMxKHHb08EdQPBQ==
  dependencies:
    "@civ-clone/core-data-object" "^0.1.0"
    "@civ-clone/core-player" "^0.1.0"
    "@civ-clone/core-registry" "^0.1.0"
    "@civ-clone/core-rule" "^0.1.0"

"@civ-clone/core-player-world@^0.1.0":
  version "0.1.0"
  resolved "https://registry.yarnpkg.com/@civ-clone/core-player-world/-/core-player-world-0.1.0.tgz#439cc72e3a7ee1b1b877c8cb7b189796a4b3f155"
  integrity sha512-KN3eXgZRw998P3eIlQOpzXkMIpU+yQKzypz9DImSgQz3LUeELjHAphAs2ViOC6+h8aTGjAFPiZRdVtCfpOdH1w==
  dependencies:
    "@civ-clone/core-data-object" "^0.1.0"
    "@civ-clone/core-player" "^0.1.0"
    "@civ-clone/core-registry" "^0.1.0"
    "@civ-clone/core-terrain" "^0.1.0"
    "@civ-clone/core-world" "^0.1.0"
    "@civ-clone/core-world-generator" "^0.1.0"

"@civ-clone/core-player@^0.1.0":
  version "0.1.1"
  resolved "https://registry.yarnpkg.com/@civ-clone/core-player/-/core-player-0.1.1.tgz#0f1060fe8d96a3c236a391d446b3a31dea85c7dd"
  integrity sha512-YwFjN3yGFZG4+A5oCCx1Z3/2EWSmP1cKazG2ZJoEf9T+7cXD2oIig3SNIAWtHfJywRz/++6OpAqJtvhLtte2lA==
  dependencies:
    "@civ-clone/core-civilization" "^0.1.0"
    "@civ-clone/core-data-object" "^0.1.0"
    "@civ-clone/core-registry" "^0.1.0"
    "@civ-clone/core-rule" "^0.1.0"

"@civ-clone/core-registry@^0.1", "@civ-clone/core-registry@^0.1.0":
  version "0.1.0"
  resolved "https://registry.yarnpkg.com/@civ-clone/core-registry/-/core-registry-0.1.0.tgz#ea5f9c964f8782c54a8e626cef6754c73fd5bb4a"
  integrity sha512-g8TqSC+kwDTgpgGBaQd/d4G5Mw75qb4C1nDu3qeVf3bEmggoM5IpyJbSrrn5+uISPJdF9OIQuZWmugLQSmk0tQ==

"@civ-clone/core-rule@^0.1.0":
  version "0.1.0"
  resolved "https://registry.yarnpkg.com/@civ-clone/core-rule/-/core-rule-0.1.0.tgz#45486bf9a7b4326b18eec5a16d706cdc7d5d427e"
  integrity sha512-K0um1LoUOjWW9DQfvR4/0fqhETNIJbM+qPeNFbeBOijtrk9bIJ+kNtv7hriZ5BEK7cdlZBcgcbu7LAVcFZc0Tg==
  dependencies:
    "@civ-clone/core-registry" "^0.1"

"@civ-clone/core-science@^0.1.0":
  version "0.1.0"
  resolved "https://registry.yarnpkg.com/@civ-clone/core-science/-/core-science-0.1.0.tgz#b227825d29d68189f444cdc9128a4cf372049392"
  integrity sha512-9LNgHkcchzOHykhB9odXiU5Jgj8qez6xKJ5JxBGosee5QYajcekUt46tnnBDCPsld7hDyhE1AH5BmhJ9pE/Jhw==
  dependencies:
    "@civ-clone/core-player" "^0.1.0"
    "@civ-clone/core-registry" "^0.1.0"
    "@civ-clone/core-rule" "^0.1.0"
    "@civ-clone/core-yield" "^0.1.0"

"@civ-clone/core-terrain@^0.1.0":
  version "0.1.0"
  resolved "https://registry.yarnpkg.com/@civ-clone/core-terrain/-/core-terrain-0.1.0.tgz#80a2a5585a4415a3c2a722b0a9250bc1a3cc7f58"
  integrity sha512-0TDkJxxTPib3plqMLfSkr5W8adfC/ncOU+33GgvyZCbKhPE2dRw8xcrvFpLEZBQcDatKNvs89rMkHepOn0EH3w==
  dependencies:
    "@civ-clone/core-data-object" "^0.1.0"
    "@civ-clone/core-registry" "^0.1.0"
    "@civ-clone/core-rule" "^0.1.0"

"@civ-clone/core-world-generator@^0.1.0":
  version "0.1.0"
  resolved "https://registry.yarnpkg.com/@civ-clone/core-world-generator/-/core-world-generator-0.1.0.tgz#63d800f5b8396e6255b516ab0f365f2a388baef0"
  integrity sha512-bz8G8n1XMp6yOyfRkTf5BN6/VgXdZZKL0V40VcmKJXDuzrMbbJGK3enQxOnoq3156DYv2ya3RC9ITGMAdqpnOg==
  dependencies:
    "@civ-clone/core-registry" "^0.1.0"
    "@civ-clone/core-rule" "^0.1.0"
    "@civ-clone/core-terrain" "^0.1.0"

"@civ-clone/core-world@^0.1.0":
  version "0.1.2"
  resolved "https://registry.yarnpkg.com/@civ-clone/core-world/-/core-world-0.1.2.tgz#0b802a7967b173550fd5742740f6536cc933ee62"
  integrity sha512-TH8I+Hg3wwI3hRkb6GhVYHAY0Lz867itmKiPeZF4BpowNH+Tyy1onYaIv2e3gmlbRFjOcTWiQ4T+n8PI0Z9IKg==
  dependencies:
    "@civ-clone/core-data-object" "^0.1.0"
    "@civ-clone/core-player" "^0.1.0"
    "@civ-clone/core-registry" "^0.1.0"
    "@civ-clone/core-rule" "^0.1.0"
    "@civ-clone/core-terrain" "^0.1.0"
    "@civ-clone/core-world-generator" "^0.1.0"
    "@civ-clone/core-yield" "^0.1.0"

"@civ-clone/core-yield@^0.1.0":
  version "0.1.0"
  resolved "https://registry.yarnpkg.com/@civ-clone/core-yield/-/core-yield-0.1.0.tgz#0d9dcedeb5f18f3f09ba28fed3e2bba92285aa57"
  integrity sha512-97rwsBg9KYfMkLBkZgsSK3uCNb5VotZvDskMQMlZXJ+yoO6TUw+Lh2XKjmSHzGNk829Tg5s0c2m57ehre2/FpA==
  dependencies:
    "@civ-clone/core-data-object" "^0.1.0"
    "@civ-clone/core-registry" "^0.1.0"

"@types/glob@^7.1.3":
  version "7.1.3"
  resolved "https://registry.yarnpkg.com/@types/glob/-/glob-7.1.3.tgz#e6ba80f36b7daad2c685acd9266382e68985c183"
  integrity sha512-SEYeGAIQIQX8NN6LDKprLjbrd5dARM5EXsd8GI/A5l0apYI1fGMWgPHSe4ZKL4eozlAyI+doUE9XbYS4xCkQ1w==
  dependencies:
    "@types/minimatch" "*"
    "@types/node" "*"

"@types/minimatch@*":
  version "3.0.3"
  resolved "https://registry.yarnpkg.com/@types/minimatch/-/minimatch-3.0.3.tgz#3dca0e3f33b200fc7d1139c0cd96c1268cadfd9d"
  integrity sha512-tHq6qdbT9U1IRSGf14CL0pUlULksvY9OZ+5eEgl1N7t+OA3tGvNpxJCzuKQlsNgCVwbAs670L1vcVQi8j9HjnA==

"@types/node@*", "@types/node@^14.11.2":
  version "14.14.28"
  resolved "https://registry.yarnpkg.com/@types/node/-/node-14.14.28.tgz#cade4b64f8438f588951a6b35843ce536853f25b"
  integrity sha512-lg55ArB+ZiHHbBBttLpzD07akz0QPrZgUODNakeC09i62dnrywr9mFErHuaPlB6I7z+sEbK+IYmplahvplCj2g==

balanced-match@^1.0.0:
  version "1.0.0"
  resolved "https://registry.yarnpkg.com/balanced-match/-/balanced-match-1.0.0.tgz#89b4d199ab2bee49de164ea02b89ce462d71b767"
  integrity sha1-ibTRmasr7kneFk6gK4nORi1xt2c=

brace-expansion@^1.1.7:
  version "1.1.11"
  resolved "https://registry.yarnpkg.com/brace-expansion/-/brace-expansion-1.1.11.tgz#3c7fcbf529d87226f3d2f52b966ff5271eb441dd"
  integrity sha512-iCuPHDFgrHX7H2vEI/5xpz07zSHB00TpugqhmYtVmMO6518mCuRMoOYFldEBl0g187ufozdaHgWKcYFb61qGiA==
  dependencies:
    balanced-match "^1.0.0"
    concat-map "0.0.1"

concat-map@0.0.1:
  version "0.0.1"
  resolved "https://registry.yarnpkg.com/concat-map/-/concat-map-0.0.1.tgz#d8a96bd77fd68df7793a73036a3ba0d5405d477b"
  integrity sha1-2Klr13/Wjfd5OnMDajug1UBdR3s=

fs.realpath@^1.0.0:
  version "1.0.0"
  resolved "https://registry.yarnpkg.com/fs.realpath/-/fs.realpath-1.0.0.tgz#1504ad2523158caa40db4a2787cb01411994ea4f"
  integrity sha1-FQStJSMVjKpA20onh8sBQRmU6k8=

glob@^7.1.6:
  version "7.1.6"
  resolved "https://registry.yarnpkg.com/glob/-/glob-7.1.6.tgz#141f33b81a7c2492e125594307480c46679278a6"
  integrity sha512-LwaxwyZ72Lk7vZINtNNrywX0ZuLyStrdDtabefZKAY5ZGJhVtgdznluResxNmPitE0SAO+O26sWTHeKSI2wMBA==
  dependencies:
    fs.realpath "^1.0.0"
    inflight "^1.0.4"
    inherits "2"
    minimatch "^3.0.4"
    once "^1.3.0"
    path-is-absolute "^1.0.0"

inflight@^1.0.4:
  version "1.0.6"
  resolved "https://registry.yarnpkg.com/inflight/-/inflight-1.0.6.tgz#49bd6331d7d02d0c09bc910a1075ba8165b56df9"
  integrity sha1-Sb1jMdfQLQwJvJEKEHW6gWW1bfk=
  dependencies:
    once "^1.3.0"
    wrappy "1"

inherits@2:
  version "2.0.4"
  resolved "https://registry.yarnpkg.com/inherits/-/inherits-2.0.4.tgz#0fa2c64f932917c3433a0ded55363aae37416b7c"
  integrity sha512-k/vGaX4/Yla3WzyMCvTQOXYeIHvqOKtnqBduzTHpzpQZzAskKMhZ2K+EnBiSM9zGSoIFeMpXKxa4dYeZIQqewQ==

minimatch@^3.0.4:
  version "3.0.4"
  resolved "https://registry.yarnpkg.com/minimatch/-/minimatch-3.0.4.tgz#5166e286457f03306064be5497e8dbb0c3d32083"
  integrity sha512-yJHVQEhyqPLUTgt9B83PXu6W3rx4MvvHvSUvToogpwoGDOUQ+yDrR0HRot+yOCdCO7u4hX3pWft6kWBBcqh0UA==
  dependencies:
    brace-expansion "^1.1.7"

once@^1.3.0:
  version "1.4.0"
  resolved "https://registry.yarnpkg.com/once/-/once-1.4.0.tgz#583b1aa775961d4b113ac17d9c50baef9dd76bd1"
  integrity sha1-WDsap3WWHUsROsF9nFC6753Xa9E=
  dependencies:
    wrappy "1"

path-is-absolute@^1.0.0:
  version "1.0.1"
  resolved "https://registry.yarnpkg.com/path-is-absolute/-/path-is-absolute-1.0.1.tgz#174b9268735534ffbc7ace6bf53a5a9e1b5c5f5f"
  integrity sha1-F0uSaHNVNP+8es5r9TpanhtcX18=

prettier@^2.1.2:
  version "2.2.1"
  resolved "https://registry.yarnpkg.com/prettier/-/prettier-2.2.1.tgz#795a1a78dd52f073da0cd42b21f9c91381923ff5"
  integrity sha512-PqyhM2yCjg/oKkFPtTGUojv7gnZAoG80ttl45O6x2Ug/rMJw4wcc9k6aaf2hibP7BGVCCM33gZoGjyvt9mm16Q==

typescript@^4.0.3:
  version "4.1.5"
  resolved "https://registry.yarnpkg.com/typescript/-/typescript-4.1.5.tgz#123a3b214aaff3be32926f0d8f1f6e704eb89a72"
  integrity sha512-6OSu9PTIzmn9TCDiovULTnET6BgXtDYL4Gg4szY+cGsc3JP1dQL8qvE8kShTRx1NIw4Q9IBHlwODjkjWEtMUyA==

ulid@^2.3.0:
  version "2.3.0"
  resolved "https://registry.yarnpkg.com/ulid/-/ulid-2.3.0.tgz#93063522771a9774121a84d126ecd3eb9804071f"
  integrity sha512-keqHubrlpvT6G2wH0OEfSW4mquYRcbe/J8NMmveoQOjUqmo+hXtO+ORCpWhdbZ7k72UtY61BL7haGxW6enBnjw==

wrappy@1:
  version "1.0.2"
  resolved "https://registry.yarnpkg.com/wrappy/-/wrappy-1.0.2.tgz#b5243d8f3ec1aa35f1364605bc0d1036e30ab69f"
  integrity sha1-tSQ9jz7BqjXxNkYFvA0QNuMKtp8=
